{
    "_meta": {
        "hash": {
            "sha256": "1b2f7318f0e96e1d7c810636022dfe8ad643f6e19a697233f8c8f993850eaa96"
        },
        "pipfile-spec": 6,
        "requires": {
            "python_version": "2.7"
        },
        "sources": [
            {
                "name": "pypi",
                "url": "https://pypi.org/simple",
                "verify_ssl": true
            }
        ]
    },
    "default": {
        "boto": {
            "hashes": [
                "sha256:147758d41ae7240dc989f0039f27da8ca0d53734be0eb869ef16e3adcfa462e8",
                "sha256:ea0d3b40a2d852767be77ca343b58a9e3a4b00d9db440efb8da74b4e58025e5a"
            ],
            "index": "pypi",
            "version": "==2.49.0"
        }
    },
    "develop": {}
}
